
Microsoft Visual Studio Solution File, Format Version 12.00
# Visual Studio 15
VisualStudioVersion = 15.0.27428.2037
MinimumVisualStudioVersion = 10.0.40219.1
Project("{FAE04EC0-301F-11D3-BF4B-00C04F79EFBC}") = "WebApi", "WebApi\WebApi.csproj", "{DCA7799D-9F1D-432F-B870-CCE8872FCC84}"
EndProject
Project("{FAE04EC0-301F-11D3-BF4B-00C04F79EFBC}") = "Tourism.DAL", "Tourism.DAL\Tourism.DAL.csproj", "{94E053D4-2CFD-4469-8CEE-5657712FD8C6}"
EndProject
Project("{FAE04EC0-301F-11D3-BF4B-00C04F79EFBC}") = "Tourism.DAL.Test", "Tourism.DAL.Test\Tourism.DAL.Test.csproj", "{14DAB388-2C02-46DC-8951-323016C62342}"
EndProject
Project("{FAE04EC0-301F-11D3-BF4B-00C04F79EFBC}") = "Logger", "Logger\Logger.csproj", "{3A897B3D-B909-4C80-BA87-4F9E5DD66DFE}"
EndProject
Project("{FAE04EC0-301F-11D3-BF4B-00C04F79EFBC}") = "LoggerTets", "LoggerTets\LoggerTets.csproj", "{65C0B388-FF42-445B-9425-373B7A49C0E7}"
EndProject
Project("{FAE04EC0-301F-11D3-BF4B-00C04F79EFBC}") = "GlobalExceptionHandling", "GlobalExceptionHandling\GlobalExceptionHandling.csproj", "{94FD7F0D-C73D-494F-AA86-E733A26A4838}"
EndProject
Global
	GlobalSection(SolutionConfigurationPlatforms) = preSolution
		Debug|Any CPU = Debug|Any CPU
		Release|Any CPU = Release|Any CPU
	EndGlobalSection
	GlobalSection(ProjectConfigurationPlatforms) = postSolution
		{DCA7799D-9F1D-432F-B870-CCE8872FCC84}.Debug|Any CPU.ActiveCfg = Debug|Any CPU
		{DCA7799D-9F1D-432F-B870-CCE8872FCC84}.Debug|Any CPU.Build.0 = Debug|Any CPU
		{DCA7799D-9F1D-432F-B870-CCE8872FCC84}.Release|Any CPU.ActiveCfg = Release|Any CPU
		{DCA7799D-9F1D-432F-B870-CCE8872FCC84}.Release|Any CPU.Build.0 = Release|Any CPU
		{94E053D4-2CFD-4469-8CEE-5657712FD8C6}.Debug|Any CPU.ActiveCfg = Debug|Any CPU
		{94E053D4-2CFD-4469-8CEE-5657712FD8C6}.Debug|Any CPU.Build.0 = Debug|Any CPU
		{94E053D4-2CFD-4469-8CEE-5657712FD8C6}.Release|Any CPU.ActiveCfg = Release|Any CPU
		{94E053D4-2CFD-4469-8CEE-5657712FD8C6}.Release|Any CPU.Build.0 = Release|Any CPU
		{14DAB388-2C02-46DC-8951-323016C62342}.Debug|Any CPU.ActiveCfg = Debug|Any CPU
		{14DAB388-2C02-46DC-8951-323016C62342}.Debug|Any CPU.Build.0 = Debug|Any CPU
		{14DAB388-2C02-46DC-8951-323016C62342}.Release|Any CPU.ActiveCfg = Release|Any CPU
		{14DAB388-2C02-46DC-8951-323016C62342}.Release|Any CPU.Build.0 = Release|Any CPU
		{3A897B3D-B909-4C80-BA87-4F9E5DD66DFE}.Debug|Any CPU.ActiveCfg = Debug|Any CPU
		{3A897B3D-B909-4C80-BA87-4F9E5DD66DFE}.Debug|Any CPU.Build.0 = Debug|Any CPU
		{3A897B3D-B909-4C80-BA87-4F9E5DD66DFE}.Release|Any CPU.ActiveCfg = Release|Any CPU
		{3A897B3D-B909-4C80-BA87-4F9E5DD66DFE}.Release|Any CPU.Build.0 = Release|Any CPU
		{65C0B388-FF42-445B-9425-373B7A49C0E7}.Debug|Any CPU.ActiveCfg = Debug|Any CPU
		{65C0B388-FF42-445B-9425-373B7A49C0E7}.Debug|Any CPU.Build.0 = Debug|Any CPU
		{65C0B388-FF42-445B-9425-373B7A49C0E7}.Release|Any CPU.ActiveCfg = Release|Any CPU
		{65C0B388-FF42-445B-9425-373B7A49C0E7}.Release|Any CPU.Build.0 = Release|Any CPU
		{94FD7F0D-C73D-494F-AA86-E733A26A4838}.Debug|Any CPU.ActiveCfg = Debug|Any CPU
		{94FD7F0D-C73D-494F-AA86-E733A26A4838}.Debug|Any CPU.Build.0 = Debug|Any CPU
		{94FD7F0D-C73D-494F-AA86-E733A26A4838}.Release|Any CPU.ActiveCfg = Release|Any CPU
		{94FD7F0D-C73D-494F-AA86-E733A26A4838}.Release|Any CPU.Build.0 = Release|Any CPU
	EndGlobalSection
	GlobalSection(SolutionProperties) = preSolution
		HideSolutionNode = FALSE
	EndGlobalSection
	GlobalSection(ExtensibilityGlobals) = postSolution
		SolutionGuid = {AFB561F4-AA2C-48BB-8AF3-F2AA659A09C7}
	EndGlobalSection
EndGlobal
